
Microsoft Visual Studio Solution File, Format Version 12.00
# Visual Studio Version 16
VisualStudioVersion = 16.0.31624.102
MinimumVisualStudioVersion = 10.0.40219.1
Project("{FAE04EC0-301F-11D3-BF4B-00C04F79EFBC}") = "excepciones-cSharp", "excepciones-cSharp\excepciones-cSharp.csproj", "{BE0CB0C4-8CA0-4B19-AB55-AF2AA2A331D5}"
EndProject
Global
	GlobalSection(SolutionConfigurationPlatforms) = preSolution
		Debug|Any CPU = Debug|Any CPU
		Release|Any CPU = Release|Any CPU
	EndGlobalSection
	GlobalSection(ProjectConfigurationPlatforms) = postSolution
		{BE0CB0C4-8CA0-4B19-AB55-AF2AA2A331D5}.Debug|Any CPU.ActiveCfg = Debug|Any CPU
		{BE0CB0C4-8CA0-4B19-AB55-AF2AA2A331D5}.Debug|Any CPU.Build.0 = Debug|Any CPU
		{BE0CB0C4-8CA0-4B19-AB55-AF2AA2A331D5}.Release|Any CPU.ActiveCfg = Release|Any CPU
		{BE0CB0C4-8CA0-4B19-AB55-AF2AA2A331D5}.Release|Any CPU.Build.0 = Release|Any CPU
	EndGlobalSection
	GlobalSection(SolutionProperties) = preSolution
		HideSolutionNode = FALSE
	EndGlobalSection
	GlobalSection(ExtensibilityGlobals) = postSolution
		SolutionGuid = {961A5F5F-0959-4E46-BB7A-4676644A68B2}
	EndGlobalSection
EndGlobal
